
Microsoft Visual Studio Solution File, Format Version 12.00
# Visual Studio Version 17
VisualStudioVersion = 17.0.31912.275
MinimumVisualStudioVersion = 10.0.40219.1
Project("{9A19103F-16F7-4668-BE54-9A1E7A4F7556}") = "calc-3.2", "calc-3.2\calc-3.2.csproj", "{89C4F088-8AB1-48D0-9092-C8934D2394F5}"
EndProject
Project("{FAE04EC0-301F-11D3-BF4B-00C04F79EFBC}") = "calc-3.2test", "calc-3.2test\calc-3.2test.csproj", "{3B7393E6-3D3C-49A3-B065-36B3FD9835B5}"
EndProject
Global
	GlobalSection(SolutionConfigurationPlatforms) = preSolution
		Debug|Any CPU = Debug|Any CPU
		Release|Any CPU = Release|Any CPU
	EndGlobalSection
	GlobalSection(ProjectConfigurationPlatforms) = postSolution
		{89C4F088-8AB1-48D0-9092-C8934D2394F5}.Debug|Any CPU.ActiveCfg = Debug|Any CPU
		{89C4F088-8AB1-48D0-9092-C8934D2394F5}.Debug|Any CPU.Build.0 = Debug|Any CPU
		{89C4F088-8AB1-48D0-9092-C8934D2394F5}.Release|Any CPU.ActiveCfg = Release|Any CPU
		{89C4F088-8AB1-48D0-9092-C8934D2394F5}.Release|Any CPU.Build.0 = Release|Any CPU
		{3B7393E6-3D3C-49A3-B065-36B3FD9835B5}.Debug|Any CPU.ActiveCfg = Debug|Any CPU
		{3B7393E6-3D3C-49A3-B065-36B3FD9835B5}.Debug|Any CPU.Build.0 = Debug|Any CPU
		{3B7393E6-3D3C-49A3-B065-36B3FD9835B5}.Release|Any CPU.ActiveCfg = Release|Any CPU
		{3B7393E6-3D3C-49A3-B065-36B3FD9835B5}.Release|Any CPU.Build.0 = Release|Any CPU
	EndGlobalSection
	GlobalSection(SolutionProperties) = preSolution
		HideSolutionNode = FALSE
	EndGlobalSection
	GlobalSection(ExtensibilityGlobals) = postSolution
		SolutionGuid = {813935FA-CD66-4AA3-A5E4-6A67F02555BD}
	EndGlobalSection
EndGlobal
